
Microsoft Visual Studio Solution File, Format Version 12.00
# Visual Studio Version 16
VisualStudioVersion = 16.0.31729.503
MinimumVisualStudioVersion = 10.0.40219.1
Project("{9A19103F-16F7-4668-BE54-9A1E7A4F7556}") = "Invoice.Api", "Invoice.Api\Invoice.Api.csproj", "{1249E12E-0BBD-42E5-8903-0B9359741356}"
EndProject
Project("{FAE04EC0-301F-11D3-BF4B-00C04F79EFBC}") = "Invoice.CoreBusiness", "Invoice.CoreBusiness\Invoice.CoreBusiness.csproj", "{24762418-ADA9-4ACB-822E-88722E899B89}"
EndProject
Global
	GlobalSection(SolutionConfigurationPlatforms) = preSolution
		Debug|Any CPU = Debug|Any CPU
		Release|Any CPU = Release|Any CPU
	EndGlobalSection
	GlobalSection(ProjectConfigurationPlatforms) = postSolution
		{1249E12E-0BBD-42E5-8903-0B9359741356}.Debug|Any CPU.ActiveCfg = Debug|Any CPU
		{1249E12E-0BBD-42E5-8903-0B9359741356}.Debug|Any CPU.Build.0 = Debug|Any CPU
		{1249E12E-0BBD-42E5-8903-0B9359741356}.Release|Any CPU.ActiveCfg = Release|Any CPU
		{1249E12E-0BBD-42E5-8903-0B9359741356}.Release|Any CPU.Build.0 = Release|Any CPU
		{24762418-ADA9-4ACB-822E-88722E899B89}.Debug|Any CPU.ActiveCfg = Debug|Any CPU
		{24762418-ADA9-4ACB-822E-88722E899B89}.Debug|Any CPU.Build.0 = Debug|Any CPU
		{24762418-ADA9-4ACB-822E-88722E899B89}.Release|Any CPU.ActiveCfg = Release|Any CPU
		{24762418-ADA9-4ACB-822E-88722E899B89}.Release|Any CPU.Build.0 = Release|Any CPU
	EndGlobalSection
	GlobalSection(SolutionProperties) = preSolution
		HideSolutionNode = FALSE
	EndGlobalSection
	GlobalSection(ExtensibilityGlobals) = postSolution
		SolutionGuid = {FA90F0C2-6948-4EAC-B466-1E6D26BDAC13}
	EndGlobalSection
EndGlobal
